
Microsoft Visual Studio Solution File, Format Version 12.00
# Visual Studio Version 16
VisualStudioVersion = 16.0.30011.22
MinimumVisualStudioVersion = 10.0.40219.1
Project("{FAE04EC0-301F-11D3-BF4B-00C04F79EFBC}") = "AppEstoqueBrilhador", "AppEstoqueBrilhador\AppEstoqueBrilhador.csproj", "{95126929-F139-4A0C-9188-53DA55BE8E16}"
EndProject
Project("{FAE04EC0-301F-11D3-BF4B-00C04F79EFBC}") = "AppDomain", "AppDomain\AppDomain.csproj", "{821C93C4-C6CA-40C0-A5E7-D8D3B61D649A}"
EndProject
Project("{FAE04EC0-301F-11D3-BF4B-00C04F79EFBC}") = "AppDAL", "AppDAL\AppDAL.csproj", "{36CBE658-682F-4DD8-A4D3-77FF1A353C09}"
EndProject
Global
	GlobalSection(SolutionConfigurationPlatforms) = preSolution
		Debug|Any CPU = Debug|Any CPU
		Release|Any CPU = Release|Any CPU
	EndGlobalSection
	GlobalSection(ProjectConfigurationPlatforms) = postSolution
		{95126929-F139-4A0C-9188-53DA55BE8E16}.Debug|Any CPU.ActiveCfg = Debug|Any CPU
		{95126929-F139-4A0C-9188-53DA55BE8E16}.Debug|Any CPU.Build.0 = Debug|Any CPU
		{95126929-F139-4A0C-9188-53DA55BE8E16}.Release|Any CPU.ActiveCfg = Release|Any CPU
		{95126929-F139-4A0C-9188-53DA55BE8E16}.Release|Any CPU.Build.0 = Release|Any CPU
		{821C93C4-C6CA-40C0-A5E7-D8D3B61D649A}.Debug|Any CPU.ActiveCfg = Debug|Any CPU
		{821C93C4-C6CA-40C0-A5E7-D8D3B61D649A}.Debug|Any CPU.Build.0 = Debug|Any CPU
		{821C93C4-C6CA-40C0-A5E7-D8D3B61D649A}.Release|Any CPU.ActiveCfg = Release|Any CPU
		{821C93C4-C6CA-40C0-A5E7-D8D3B61D649A}.Release|Any CPU.Build.0 = Release|Any CPU
		{36CBE658-682F-4DD8-A4D3-77FF1A353C09}.Debug|Any CPU.ActiveCfg = Debug|Any CPU
		{36CBE658-682F-4DD8-A4D3-77FF1A353C09}.Debug|Any CPU.Build.0 = Debug|Any CPU
		{36CBE658-682F-4DD8-A4D3-77FF1A353C09}.Release|Any CPU.ActiveCfg = Release|Any CPU
		{36CBE658-682F-4DD8-A4D3-77FF1A353C09}.Release|Any CPU.Build.0 = Release|Any CPU
	EndGlobalSection
	GlobalSection(SolutionProperties) = preSolution
		HideSolutionNode = FALSE
	EndGlobalSection
	GlobalSection(ExtensibilityGlobals) = postSolution
		SolutionGuid = {88120322-2298-4478-AC0A-E36A4D86AF04}
	EndGlobalSection
EndGlobal
